# This file is automatically @generated by Cargo.
# It is not intended for manual editing.
version = 3

[[package]]
name = "auth"
version = "0.1.0"

[[package]]
name = "cmdl"
version = "0.1.0"

[[package]]
name = "follies"
version = "0.1.0"

[[package]]
name = "graphf"
version = "0.1.0"

[[package]]
name = "oneone"
version = "0.1.0"

[[package]]
name = "veetwo"
version = "0.1.0"
